
Microsoft Visual Studio Solution File, Format Version 12.00
# Visual Studio Version 17
VisualStudioVersion = 17.3.32929.385
MinimumVisualStudioVersion = 10.0.40219.1
Project("{00D1A9C2-B5F0-4AF3-8072-F6C62B433612}") = "AdventureWorksLT", "AdventureWorksLT\AdventureWorksLT.sqlproj", "{FABB3519-7043-4AA2-BCCA-3ABED5441DC0}"
EndProject
Global
	GlobalSection(SolutionConfigurationPlatforms) = preSolution
		Debug|Any CPU = Debug|Any CPU
		Release|Any CPU = Release|Any CPU
	EndGlobalSection
	GlobalSection(ProjectConfigurationPlatforms) = postSolution
		{FABB3519-7043-4AA2-BCCA-3ABED5441DC0}.Debug|Any CPU.ActiveCfg = Debug|Any CPU
		{FABB3519-7043-4AA2-BCCA-3ABED5441DC0}.Debug|Any CPU.Build.0 = Debug|Any CPU
		{FABB3519-7043-4AA2-BCCA-3ABED5441DC0}.Debug|Any CPU.Deploy.0 = Debug|Any CPU
		{FABB3519-7043-4AA2-BCCA-3ABED5441DC0}.Release|Any CPU.ActiveCfg = Release|Any CPU
		{FABB3519-7043-4AA2-BCCA-3ABED5441DC0}.Release|Any CPU.Build.0 = Release|Any CPU
		{FABB3519-7043-4AA2-BCCA-3ABED5441DC0}.Release|Any CPU.Deploy.0 = Release|Any CPU
	EndGlobalSection
	GlobalSection(SolutionProperties) = preSolution
		HideSolutionNode = FALSE
	EndGlobalSection
	GlobalSection(ExtensibilityGlobals) = postSolution
		SolutionGuid = {68DA0A91-4A44-44C0-87AD-3B1680E68BE8}
	EndGlobalSection
EndGlobal
